
Microsoft Visual Studio Solution File, Format Version 12.00
# Visual Studio 15
VisualStudioVersion = 15.0.28010.2050
MinimumVisualStudioVersion = 10.0.40219.1
Project("{FAE04EC0-301F-11D3-BF4B-00C04F79EFBC}") = "Adapter", "Adapter\Adapter.csproj", "{BB90D0E3-BBD3-4C76-AB42-3BE9A6376D5D}"
EndProject
Global
	GlobalSection(SolutionConfigurationPlatforms) = preSolution
		Debug|Any CPU = Debug|Any CPU
		Release|Any CPU = Release|Any CPU
	EndGlobalSection
	GlobalSection(ProjectConfigurationPlatforms) = postSolution
		{BB90D0E3-BBD3-4C76-AB42-3BE9A6376D5D}.Debug|Any CPU.ActiveCfg = Debug|Any CPU
		{BB90D0E3-BBD3-4C76-AB42-3BE9A6376D5D}.Debug|Any CPU.Build.0 = Debug|Any CPU
		{BB90D0E3-BBD3-4C76-AB42-3BE9A6376D5D}.Release|Any CPU.ActiveCfg = Release|Any CPU
		{BB90D0E3-BBD3-4C76-AB42-3BE9A6376D5D}.Release|Any CPU.Build.0 = Release|Any CPU
	EndGlobalSection
	GlobalSection(SolutionProperties) = preSolution
		HideSolutionNode = FALSE
	EndGlobalSection
	GlobalSection(ExtensibilityGlobals) = postSolution
		SolutionGuid = {E8AD2B2F-E762-4C74-8875-8EB1E3C55F9D}
	EndGlobalSection
EndGlobal
